
Microsoft Visual Studio Solution File, Format Version 12.00
# Visual Studio Version 17
VisualStudioVersion = 17.4.33103.184
MinimumVisualStudioVersion = 10.0.40219.1
Project("{F184B08F-C81C-45F6-A57F-5ABD9991F28F}") = "GraphicsProgram", "GraphicsProgram\GraphicsProgram.vbproj", "{A5056745-86D7-41A1-8310-A1F154F862F3}"
EndProject
Global
	GlobalSection(SolutionConfigurationPlatforms) = preSolution
		Debug|Any CPU = Debug|Any CPU
		Release|Any CPU = Release|Any CPU
	EndGlobalSection
	GlobalSection(ProjectConfigurationPlatforms) = postSolution
		{A5056745-86D7-41A1-8310-A1F154F862F3}.Debug|Any CPU.ActiveCfg = Debug|Any CPU
		{A5056745-86D7-41A1-8310-A1F154F862F3}.Debug|Any CPU.Build.0 = Debug|Any CPU
		{A5056745-86D7-41A1-8310-A1F154F862F3}.Release|Any CPU.ActiveCfg = Release|Any CPU
		{A5056745-86D7-41A1-8310-A1F154F862F3}.Release|Any CPU.Build.0 = Release|Any CPU
	EndGlobalSection
	GlobalSection(SolutionProperties) = preSolution
		HideSolutionNode = FALSE
	EndGlobalSection
	GlobalSection(ExtensibilityGlobals) = postSolution
		SolutionGuid = {AF19E0B6-9FCA-4AAF-951B-97643ABD1FCB}
	EndGlobalSection
EndGlobal
